
Microsoft Visual Studio Solution File, Format Version 12.00
# Visual Studio 2015
Project("{FAE04EC0-301F-11D3-BF4B-00C04F79EFBC}") = "Mais-Final.CSharp", "Mais-Final.CSharp.csproj", "{0E293CBD-9314-FFB9-4935-6CA6826E9B37}"
EndProject
Global
	GlobalSection(SolutionConfigurationPlatforms) = preSolution
		Debug|Any CPU = Debug|Any CPU
		Release|Any CPU = Release|Any CPU
	EndGlobalSection
	GlobalSection(ProjectConfigurationPlatforms) = postSolution
		{0E293CBD-9314-FFB9-4935-6CA6826E9B37}.Debug|Any CPU.ActiveCfg = Debug|Any CPU
		{0E293CBD-9314-FFB9-4935-6CA6826E9B37}.Debug|Any CPU.Build.0 = Debug|Any CPU
		{0E293CBD-9314-FFB9-4935-6CA6826E9B37}.Release|Any CPU.ActiveCfg = Release|Any CPU
		{0E293CBD-9314-FFB9-4935-6CA6826E9B37}.Release|Any CPU.Build.0 = Release|Any CPU
	EndGlobalSection
	GlobalSection(SolutionProperties) = preSolution
		HideSolutionNode = FALSE
	EndGlobalSection
EndGlobal
