Microsoft Visual Studio Solution File, Format Version 11.00
# Visual Studio 2008

Project("{6CE0A84D-631F-70B6-C304-1A5ABCC6E1E0}") = "Mais-v2", "Assembly-CSharp.csproj", "{9DE63EA2-C5C3-0303-0D41-B4F9539C4AEA}"
EndProject
Global
	GlobalSection(SolutionConfigurationPlatforms) = preSolution
		Debug|Any CPU = Debug|Any CPU
		Release|Any CPU = Release|Any CPU
	EndGlobalSection
	GlobalSection(ProjectConfigurationPlatforms) = postSolution
		{9DE63EA2-C5C3-0303-0D41-B4F9539C4AEA}.Debug|Any CPU.ActiveCfg = Debug|Any CPU
		{9DE63EA2-C5C3-0303-0D41-B4F9539C4AEA}.Debug|Any CPU.Build.0 = Debug|Any CPU
		{9DE63EA2-C5C3-0303-0D41-B4F9539C4AEA}.Release|Any CPU.ActiveCfg = Release|Any CPU
		{9DE63EA2-C5C3-0303-0D41-B4F9539C4AEA}.Release|Any CPU.Build.0 = Release|Any CPU
	EndGlobalSection
	GlobalSection(SolutionProperties) = preSolution
		HideSolutionNode = FALSE
	EndGlobalSection
	GlobalSection(MonoDevelopProperties) = preSolution
		StartupItem = Assembly-CSharp.csproj
	EndGlobalSection
EndGlobal
